<?xml version="1.0" encoding="utf-8"?>
<Project ToolsVersion="4.0" xmlns="http://schemas.microsoft.com/developer/msbuild/2003">
  <ItemGroup>
    <Filter Include="Source Files">
      <UniqueIdentifier>{4FC737F1-C7A5-4376-A066-2A32D752A2FF}</UniqueIdentifier>
      <Extensions>cpp;c;cc;cxx;c++;cppm;ixx;def;odl;idl;hpj;bat;asm;asmx</Extensions>
    </Filter>
    <Filter Include="Header Files">
      <UniqueIdentifier>{93995380-89BD-4b04-88EB-625FBE52EBFB}</UniqueIdentifier>
      <Extensions>h;hh;hpp;hxx;h++;hm;inl;inc;ipp;xsd</Extensions>
    </Filter>
    <Filter Include="Resource Files">
      <UniqueIdentifier>{67DA6AB6-F800-4c08-8B7A-83BB121AAD01}</UniqueIdentifier>
      <Extensions>rc;ico;cur;bmp;dlg;rc2;rct;bin;rgs;gif;jpg;jpeg;jpe;resx;tiff;tif;png;wav;mfcribbon-ms</Extensions>
    </Filter>
    <Filter Include="Source Files\Actors">
      <UniqueIdentifier>{94397b79-4e4b-402f-a2d3-2e643979c2e6}</UniqueIdentifier>
    </Filter>
    <Filter Include="Source Files\GameFlow">
      <UniqueIdentifier>{596d23cd-42c3-4ae6-8112-18371ed317b4}</UniqueIdentifier>
    </Filter>
    <Filter Include="Source Files\GameData">
      <UniqueIdentifier>{7106ee4e-3054-4002-ad61-83973db91e94}</UniqueIdentifier>
    </Filter>
    <Filter Include="Source Files\ResourceParsers">
      <UniqueIdentifier>{ffd307fe-cdcd-4313-b9ae-5434a82e0705}</UniqueIdentifier>
    </Filter>
  </ItemGroup>
  <ItemGroup>
    <ClCompile Include="main.cpp">
      <Filter>Source Files</Filter>
    </ClCompile>
    <ClCompile Include="Character.cpp">
      <Filter>Source Files\Actors</Filter>
    </ClCompile>
    <ClCompile Include="Enemy.cpp">
      <Filter>Source Files\Actors</Filter>
    </ClCompile>
    <ClCompile Include="Player.cpp">
      <Filter>Source Files\Actors</Filter>
    </ClCompile>
    <ClCompile Include="Menu.cpp">
      <Filter>Source Files\GameFlow</Filter>
    </ClCompile>
    <ClCompile Include="Game.cpp">
      <Filter>Source Files\GameFlow</Filter>
    </ClCompile>
    <ClCompile Include="Terrain.cpp">
      <Filter>Source Files\GameData</Filter>
    </ClCompile>
    <ClCompile Include="Role.cpp">
      <Filter>Source Files\GameData</Filter>
    </ClCompile>
    <ClCompile Include="Item.cpp">
      <Filter>Source Files\GameData</Filter>
    </ClCompile>
    <ClCompile Include="Settlement.cpp">
      <Filter>Source Files\GameData</Filter>
    </ClCompile>
    <ClCompile Include="Place.cpp">
      <Filter>Source Files\GameData</Filter>
    </ClCompile>
    <ClCompile Include="Shop.cpp">
      <Filter>Source Files\GameData</Filter>
    </ClCompile>
    <ClCompile Include="SettlementParser.cpp">
      <Filter>Source Files\ResourceParsers</Filter>
    </ClCompile>
    <ClCompile Include="RoleParser.cpp">
      <Filter>Source Files\ResourceParsers</Filter>
    </ClCompile>
    <ClCompile Include="TerrainParser.cpp">
      <Filter>Source Files\ResourceParsers</Filter>
    </ClCompile>
    <ClCompile Include="ItemParser.cpp">
      <Filter>Source Files\ResourceParsers</Filter>
    </ClCompile>
    <ClCompile Include="EnemyParser.cpp">
      <Filter>Source Files\ResourceParsers</Filter>
    </ClCompile>
  </ItemGroup>
  <ItemGroup>
    <ClInclude Include="Game.h">
      <Filter>Header Files</Filter>
    </ClInclude>
    <ClInclude Include="Character.h">
      <Filter>Header Files</Filter>
    </ClInclude>
    <ClInclude Include="Player.h">
      <Filter>Header Files</Filter>
    </ClInclude>
    <ClInclude Include="Enemy.h">
      <Filter>Header Files</Filter>
    </ClInclude>
    <ClInclude Include="Menu.h">
      <Filter>Header Files</Filter>
    </ClInclude>
    <ClInclude Include="Item.h">
      <Filter>Header Files</Filter>
    </ClInclude>
    <ClInclude Include="Role.h">
      <Filter>Header Files</Filter>
    </ClInclude>
    <ClInclude Include="Terrain.h">
      <Filter>Header Files</Filter>
    </ClInclude>
    <ClInclude Include="Settlement.h">
      <Filter>Header Files</Filter>
    </ClInclude>
    <ClInclude Include="Place.h">
      <Filter>Header Files</Filter>
    </ClInclude>
    <ClInclude Include="resource.h">
      <Filter>Header Files</Filter>
    </ClInclude>
    <ClInclude Include="Shop.h">
      <Filter>Header Files</Filter>
    </ClInclude>
    <ClInclude Include="ItemParser.h">
      <Filter>Header Files</Filter>
    </ClInclude>
    <ClInclude Include="RoleParser.h">
      <Filter>Header Files</Filter>
    </ClInclude>
    <ClInclude Include="SettlementParser.h">
      <Filter>Header Files</Filter>
    </ClInclude>
    <ClInclude Include="TerrainParser.h">
      <Filter>Header Files</Filter>
    </ClInclude>
    <ClInclude Include="EnemyParser.h">
      <Filter>Header Files</Filter>
    </ClInclude>
    <ClInclude Include="Common.h">
      <Filter>Header Files</Filter>
    </ClInclude>
  </ItemGroup>
  <ItemGroup>
    <Media Include="1.wav">
      <Filter>Resource Files</Filter>
    </Media>
  </ItemGroup>
  <ItemGroup>
    <None Include="Resources\Enemies.xlsx">
      <Filter>Resource Files</Filter>
    </None>
    <None Include="Resources\Locations.xlsx">
      <Filter>Resource Files</Filter>
    </None>
    <None Include="libxl.dll">
      <Filter>Resource Files</Filter>
    </None>
    <None Include="Resources\Armors.xlsx">
      <Filter>Resource Files</Filter>
    </None>
    <None Include="Resources\Consumables.xlsx">
      <Filter>Resource Files</Filter>
    </None>
    <None Include="Resources\Weapons.xlsx">
      <Filter>Resource Files</Filter>
    </None>
  </ItemGroup>
  <ItemGroup>
    <ResourceCompile Include="OpenWorld.rc">
      <Filter>Resource Files</Filter>
    </ResourceCompile>
  </ItemGroup>
  <ItemGroup>
    <Image Include="Resources\swordsman.ico">
      <Filter>Resource Files</Filter>
    </Image>
    <Image Include="C:\Users\Melchan\Desktop\og_derion.png">
      <Filter>Resource Files</Filter>
    </Image>
    <Image Include="Resources\logo2.ico">
      <Filter>Resource Files</Filter>
    </Image>
    <Image Include="resources\icon3.ico">
      <Filter>Resource Files</Filter>
    </Image>
  </ItemGroup>
  <ItemGroup>
    <Text Include="Resources\settlement_art.txt">
      <Filter>Resource Files</Filter>
    </Text>
    <Text Include="Resources\nature_art.txt">
      <Filter>Resource Files</Filter>
    </Text>
  </ItemGroup>
</Project>